
Microsoft Visual Studio Solution File, Format Version 12.00
# Visual Studio 15
VisualStudioVersion = 15.0.28010.2041
MinimumVisualStudioVersion = 10.0.40219.1
Project("{FAE04EC0-301F-11D3-BF4B-00C04F79EFBC}") = "DosyaTxt", "DosyaTxt\DosyaTxt.csproj", "{B6F249E8-D5D6-4C0C-B6B7-22CAAFF34C3B}"
EndProject
Global
	GlobalSection(SolutionConfigurationPlatforms) = preSolution
		Debug|Any CPU = Debug|Any CPU
		Release|Any CPU = Release|Any CPU
	EndGlobalSection
	GlobalSection(ProjectConfigurationPlatforms) = postSolution
		{B6F249E8-D5D6-4C0C-B6B7-22CAAFF34C3B}.Debug|Any CPU.ActiveCfg = Debug|Any CPU
		{B6F249E8-D5D6-4C0C-B6B7-22CAAFF34C3B}.Debug|Any CPU.Build.0 = Debug|Any CPU
		{B6F249E8-D5D6-4C0C-B6B7-22CAAFF34C3B}.Release|Any CPU.ActiveCfg = Release|Any CPU
		{B6F249E8-D5D6-4C0C-B6B7-22CAAFF34C3B}.Release|Any CPU.Build.0 = Release|Any CPU
	EndGlobalSection
	GlobalSection(SolutionProperties) = preSolution
		HideSolutionNode = FALSE
	EndGlobalSection
	GlobalSection(ExtensibilityGlobals) = postSolution
		SolutionGuid = {CBD9DE74-3AED-405A-A80B-53A6358B9080}
	EndGlobalSection
EndGlobal
